
Microsoft Visual Studio Solution File, Format Version 12.00
# Visual Studio Version 17
VisualStudioVersion = 17.0.31903.59
MinimumVisualStudioVersion = 10.0.40219.1
Project("{FAE04EC0-301F-11D3-BF4B-00C04F79EFBC}") = "lab-1 task__ONE LAST TRY", "lab-1 task__ONE LAST TRY.csproj", "{1CE334FC-8AE7-43E7-9234-90A087216CFC}"
EndProject
Global
	GlobalSection(SolutionConfigurationPlatforms) = preSolution
		Debug|Any CPU = Debug|Any CPU
		Release|Any CPU = Release|Any CPU
	EndGlobalSection
	GlobalSection(ProjectConfigurationPlatforms) = postSolution
		{1CE334FC-8AE7-43E7-9234-90A087216CFC}.Debug|Any CPU.ActiveCfg = Debug|Any CPU
		{1CE334FC-8AE7-43E7-9234-90A087216CFC}.Debug|Any CPU.Build.0 = Debug|Any CPU
		{1CE334FC-8AE7-43E7-9234-90A087216CFC}.Release|Any CPU.ActiveCfg = Release|Any CPU
		{1CE334FC-8AE7-43E7-9234-90A087216CFC}.Release|Any CPU.Build.0 = Release|Any CPU
	EndGlobalSection
	GlobalSection(SolutionProperties) = preSolution
		HideSolutionNode = FALSE
	EndGlobalSection
	GlobalSection(ExtensibilityGlobals) = postSolution
		SolutionGuid = {16868B2B-4DE1-4276-900F-2508A8D67953}
	EndGlobalSection
EndGlobal
