
Microsoft Visual Studio Solution File, Format Version 12.00
# Visual Studio Version 17
VisualStudioVersion = 17.0.31912.275
MinimumVisualStudioVersion = 10.0.40219.1
Project("{FAE04EC0-301F-11D3-BF4B-00C04F79EFBC}") = "CSV File II", "CSV File II.csproj", "{591458E0-B124-4F41-B665-2A48A3CAED8B}"
EndProject
Global
	GlobalSection(SolutionConfigurationPlatforms) = preSolution
		Debug|Any CPU = Debug|Any CPU
		Release|Any CPU = Release|Any CPU
	EndGlobalSection
	GlobalSection(ProjectConfigurationPlatforms) = postSolution
		{591458E0-B124-4F41-B665-2A48A3CAED8B}.Debug|Any CPU.ActiveCfg = Debug|Any CPU
		{591458E0-B124-4F41-B665-2A48A3CAED8B}.Debug|Any CPU.Build.0 = Debug|Any CPU
		{591458E0-B124-4F41-B665-2A48A3CAED8B}.Release|Any CPU.ActiveCfg = Release|Any CPU
		{591458E0-B124-4F41-B665-2A48A3CAED8B}.Release|Any CPU.Build.0 = Release|Any CPU
	EndGlobalSection
	GlobalSection(SolutionProperties) = preSolution
		HideSolutionNode = FALSE
	EndGlobalSection
	GlobalSection(ExtensibilityGlobals) = postSolution
		SolutionGuid = {385E6A82-2EC6-4C9E-840A-BF996E58D41A}
	EndGlobalSection
EndGlobal
